{
  "name": "minimatic",
  "version": "1.3.1",
  "lockfileVersion": 2,
  "requires": true,
  "packages": {
    "": {
      "name": "minimatic",
      "version": "1.3.1",
      "license": "ISC",
      "dependencies": {
        "dev-file-server": "^1.0.0",
        "marked": "^2.0.1",
        "mustache": "^4.1.0"
      },
      "bin": {
        "minimatic": "bin.js"
      },
      "engines": {
        "node": ">=12.20.0"
      }
    },
    "node_modules/dev-file-server": {
      "version": "1.0.0",
      "resolved": "https://registry.npmjs.org/dev-file-server/-/dev-file-server-1.0.0.tgz",
      "integrity": "sha512-uc75FSgJTYyM9vUpzbkIxa1WCAUgHRdTa53lRZWG5Q1j80HkQ86aTCcDZ6gpTBSH+YFhmSI8uM/Y9Kzw/k0N2Q==",
      "bin": {
        "dev-file-server": "bin.js"
      }
    },
    "node_modules/marked": {
      "version": "2.0.1",
      "resolved": "https://registry.npmjs.org/marked/-/marked-2.0.1.tgz",
      "integrity": "sha512-5+/fKgMv2hARmMW7DOpykr2iLhl0NgjyELk5yn92iE7z8Se1IS9n3UsFm86hFXIkvMBmVxki8+ckcpjBeyo/hw==",
      "bin": {
        "marked": "bin/marked"
      },
      "engines": {
        "node": ">= 8.16.2"
      }
    },
    "node_modules/mustache": {
      "version": "4.1.0",
      "resolved": "https://registry.npmjs.org/mustache/-/mustache-4.1.0.tgz",
      "integrity": "sha512-0FsgP/WVq4mKyjolIyX+Z9Bd+3WS8GOwoUTyKXT5cTYMGeauNTi2HPCwERqseC1IHAy0Z7MDZnJBfjabd4O8GQ==",
      "bin": {
        "mustache": "bin/mustache"
      }
    }
  },
  "dependencies": {
    "dev-file-server": {
      "version": "1.0.0",
      "resolved": "https://registry.npmjs.org/dev-file-server/-/dev-file-server-1.0.0.tgz",
      "integrity": "sha512-uc75FSgJTYyM9vUpzbkIxa1WCAUgHRdTa53lRZWG5Q1j80HkQ86aTCcDZ6gpTBSH+YFhmSI8uM/Y9Kzw/k0N2Q=="
    },
    "marked": {
      "version": "2.0.1",
      "resolved": "https://registry.npmjs.org/marked/-/marked-2.0.1.tgz",
      "integrity": "sha512-5+/fKgMv2hARmMW7DOpykr2iLhl0NgjyELk5yn92iE7z8Se1IS9n3UsFm86hFXIkvMBmVxki8+ckcpjBeyo/hw=="
    },
    "mustache": {
      "version": "4.1.0",
      "resolved": "https://registry.npmjs.org/mustache/-/mustache-4.1.0.tgz",
      "integrity": "sha512-0FsgP/WVq4mKyjolIyX+Z9Bd+3WS8GOwoUTyKXT5cTYMGeauNTi2HPCwERqseC1IHAy0Z7MDZnJBfjabd4O8GQ=="
    }
  }
}
